{
  "name": "@hereiskevin/svelte-heroicons",
  "version": "0.1.0",
  "lockfileVersion": 3,
  "requires": true,
  "packages": {
    "": {
      "name": "@hereiskevin/svelte-heroicons",
      "version": "0.1.0",
      "devDependencies": {
        "camelcase": "^7.0.1",
        "heroicons": "^2.0.18"
      }
    },
    "node_modules/camelcase": {
      "version": "7.0.1",
      "resolved": "https://registry.npmjs.org/camelcase/-/camelcase-7.0.1.tgz",
      "integrity": "sha512-xlx1yCK2Oc1APsPXDL2LdlNP6+uu8OCDdhOBSVT279M/S+y75O30C2VuD8T2ogdePBBl7PfPF4504tnLgX3zfw==",
      "dev": true,
      "engines": {
        "node": ">=14.16"
      },
      "funding": {
        "url": "https://github.com/sponsors/sindresorhus"
      }
    },
    "node_modules/heroicons": {
      "version": "2.0.18",
      "resolved": "https://registry.npmjs.org/heroicons/-/heroicons-2.0.18.tgz",
      "integrity": "sha512-3iaqznaz5GJ8Mox/eDfKHo7tYKuPiZV4vbg6pB6wjJhBa7ZKQlXT1KuUnsjkEiPy/ezyiqppOX6wUqYguMIq8w==",
      "dev": true
    }
  }
}
